
Microsoft Visual Studio Solution File, Format Version 12.00
# Visual Studio Version 17
VisualStudioVersion = 17.2.32602.215
MinimumVisualStudioVersion = 10.0.40219.1
Project("{9A19103F-16F7-4668-BE54-9A1E7A4F7556}") = "sftpservice", "sftpservice\sftpservice.csproj", "{19F2BB88-F6C1-4C4E-8017-E06C93C8A6EC}"
EndProject
Project("{2150E333-8FDC-42A3-9474-1A3956D46DE8}") = "Solution Items", "Solution Items", "{C86950A6-AFA7-41D0-8556-7352DDDC4A4C}"
	ProjectSection(SolutionItems) = preProject
		.editorconfig = .editorconfig
	EndProjectSection
EndProject
Global
	GlobalSection(SolutionConfigurationPlatforms) = preSolution
		Debug|Any CPU = Debug|Any CPU
		Release|Any CPU = Release|Any CPU
	EndGlobalSection
	GlobalSection(ProjectConfigurationPlatforms) = postSolution
		{19F2BB88-F6C1-4C4E-8017-E06C93C8A6EC}.Debug|Any CPU.ActiveCfg = Debug|Any CPU
		{19F2BB88-F6C1-4C4E-8017-E06C93C8A6EC}.Debug|Any CPU.Build.0 = Debug|Any CPU
		{19F2BB88-F6C1-4C4E-8017-E06C93C8A6EC}.Release|Any CPU.ActiveCfg = Release|Any CPU
		{19F2BB88-F6C1-4C4E-8017-E06C93C8A6EC}.Release|Any CPU.Build.0 = Release|Any CPU
	EndGlobalSection
	GlobalSection(SolutionProperties) = preSolution
		HideSolutionNode = FALSE
	EndGlobalSection
	GlobalSection(ExtensibilityGlobals) = postSolution
		SolutionGuid = {EBD4221B-A660-4066-970D-A8DBA94D086E}
	EndGlobalSection
EndGlobal
